github.com/gempir/go-twitch-irc/v4 v4.2.0 h1:OCeff+1aH4CZIOxgKOJ8dQjh+1ppC6sLWrXOcpGZyq4=
github.com/gempir/go-twitch-irc/v4 v4.2.0/go.mod h1:QsOMMAk470uxQ7EYD9GJBGAVqM/jDrXBNbuePfTauzg=
github.com/punkystone/go-twitch-irc v1.0.0 h1:aKeSZQGrmW1JpNaA35qx64PucjfyQ3DfnN9NQ6kR9kM=
github.com/punkystone/go-twitch-irc v1.0.0/go.mod h1:Sze7qCBtNiZ64900v/CUFgQKFhNqcHCf8cIqySzqm/8=
github.com/punkystone/twitch-token-manager v1.0.0 h1:7Z4NT/AW6T3wvESOIYlBKtRH9/s81g0hQCi0OxOfGIg=
github.com/punkystone/twitch-token-manager v1.0.0/go.mod h1:gIDtBitnO5NwdEci3LW2MeIJw5417i4GAQolVZqWWgk=
